// !$*UTF8*$!
{
	archiveVersion = 1;
	classes = {
	};
	objectVersion = 56;
	objects = {

/* Begin PBXBuildFile section */
		A1407CA02C01F14A002D99FE /* AppDelegate.swift in Sources */ = {isa = PBXBuildFile; fileRef = A1407C9F2C01F14A002D99FE /* AppDelegate.swift */; };
		A1407CA22C01F14A002D99FE /* SceneDelegate.swift in Sources */ = {isa = PBXBuildFile; fileRef = A1407CA12C01F14A002D99FE /* SceneDelegate.swift */; };
		A1407CA42C01F14A002D99FE /* ViewController.swift in Sources */ = {isa = PBXBuildFile; fileRef = A1407CA32C01F14A002D99FE /* ViewController.swift */; };
		A1407CA72C01F14A002D99FE /* Base in Resources */ = {isa = PBXBuildFile; fileRef = A1407CA62C01F14A002D99FE /* Base */; };
		A1407CA92C01F14C002D99FE /* Assets.xcassets in Resources */ = {isa = PBXBuildFile; fileRef = A1407CA82C01F14C002D99FE /* Assets.xcassets */; };
		A1407CAC2C01F14C002D99FE /* Base in Resources */ = {isa = PBXBuildFile; fileRef = A1407CAB2C01F14C002D99FE /* Base */; };
		A1407CB62C0202F8002D99FE /* AppCollectionViewCell.xib in Resources */ = {isa = PBXBuildFile; fileRef = A1407CB52C0202F8002D99FE /* AppCollectionViewCell.xib */; };
		A1407CB72C0202F8002D99FE /* AppCollectionViewCell.swift in Sources */ = {isa = PBXBuildFile; fileRef = A1407CB42C0202F8002D99FE /* AppCollectionViewCell.swift */; };
/* End PBXBuildFile section */

/* Begin PBXFileReference section */
		A1407C9C2C01F14A002D99FE /* Compositional Layout.app */ = {isa = PBXFileReference; explicitFileType = wrapper.application; includeInIndex = 0; path = "Compositional Layout.app"; sourceTree = BUILT_PRODUCTS_DIR; };
		A1407C9F2C01F14A002D99FE /* AppDelegate.swift */ = {isa = PBXFileReference; lastKnownFileType = sourcecode.swift; path = AppDelegate.swift; sourceTree = "<group>"; };
		A1407CA12C01F14A002D99FE /* SceneDelegate.swift */ = {isa = PBXFileReference; lastKnownFileType = sourcecode.swift; path = SceneDelegate.swift; sourceTree = "<group>"; };
		A1407CA32C01F14A002D99FE /* ViewController.swift */ = {isa = PBXFileReference; lastKnownFileType = sourcecode.swift; path = ViewController.swift; sourceTree = "<group>"; };
		A1407CA62C01F14A002D99FE /* Base */ = {isa = PBXFileReference; lastKnownFileType = file.storyboard; name = Base; path = Base.lproj/Main.storyboard; sourceTree = "<group>"; };
		A1407CA82C01F14C002D99FE /* Assets.xcassets */ = {isa = PBXFileReference; lastKnownFileType = folder.assetcatalog; path = Assets.xcassets; sourceTree = "<group>"; };
		A1407CAB2C01F14C002D99FE /* Base */ = {isa = PBXFileReference; lastKnownFileType = file.storyboard; name = Base; path = Base.lproj/LaunchScreen.storyboard; sourceTree = "<group>"; };
		A1407CAD2C01F14C002D99FE /* Info.plist */ = {isa = PBXFileReference; lastKnownFileType = text.plist.xml; path = Info.plist; sourceTree = "<group>"; };
		A1407CB42C0202F8002D99FE /* AppCollectionViewCell.swift */ = {isa = PBXFileReference; lastKnownFileType = sourcecode.swift; path = AppCollectionViewCell.swift; sourceTree = "<group>"; };
		A1407CB52C0202F8002D99FE /* AppCollectionViewCell.xib */ = {isa = PBXFileReference; lastKnownFileType = file.xib; path = AppCollectionViewCell.xib; sourceTree = "<group>"; };
/* End PBXFileReference section */

/* Begin PBXFrameworksBuildPhase section */
		A1407C992C01F14A002D99FE /* Frameworks */ = {
			isa = PBXFrameworksBuildPhase;
			buildActionMask = 2147483647;
			files = (
			);
			runOnlyForDeploymentPostprocessing = 0;
		};
/* End PBXFrameworksBuildPhase section */

/* Begin PBXGroup section */
		A1407C932C01F14A002D99FE = {
			isa = PBXGroup;
			children = (
				A1407C9E2C01F14A002D99FE /* Compositional Layout */,
				A1407C9D2C01F14A002D99FE /* Products */,
			);
			sourceTree = "<group>";
		};
		A1407C9D2C01F14A002D99FE /* Products */ = {
			isa = PBXGroup;
			children = (
				A1407C9C2C01F14A002D99FE /* Compositional Layout.app */,
			);
			name = Products;
			sourceTree = "<group>";
		};
		A1407C9E2C01F14A002D99FE /* Compositional Layout */ = {
			isa = PBXGroup;
			children = (
				A1407CB32C0202DA002D99FE /* cells */,
				A1407C9F2C01F14A002D99FE /* AppDelegate.swift */,
				A1407CA12C01F14A002D99FE /* SceneDelegate.swift */,
				A1407CA32C01F14A002D99FE /* ViewController.swift */,
				A1407CA52C01F14A002D99FE /* Main.storyboard */,
				A1407CA82C01F14C002D99FE /* Assets.xcassets */,
				A1407CAA2C01F14C002D99FE /* LaunchScreen.storyboard */,
				A1407CAD2C01F14C002D99FE /* Info.plist */,
			);
			path = "Compositional Layout";
			sourceTree = "<group>";
		};
		A1407CB32C0202DA002D99FE /* cells */ = {
			isa = PBXGroup;
			children = (
				A1407CB42C0202F8002D99FE /* AppCollectionViewCell.swift */,
				A1407CB52C0202F8002D99FE /* AppCollectionViewCell.xib */,
			);
			path = cells;
			sourceTree = "<group>";
		};
/* End PBXGroup section */

/* Begin PBXNativeTarget section */
		A1407C9B2C01F14A002D99FE /* Compositional Layout */ = {
			isa = PBXNativeTarget;
			buildConfigurationList = A1407CB02C01F14C002D99FE /* Build configuration list for PBXNativeTarget "Compositional Layout" */;
			buildPhases = (
				A1407C982C01F14A002D99FE /* Sources */,
				A1407C992C01F14A002D99FE /* Frameworks */,
				A1407C9A2C01F14A002D99FE /* Resources */,
			);
			buildRules = (
			);
			dependencies = (
			);
			name = "Compositional Layout";
			productName = "Compositional Layout";
			productReference = A1407C9C2C01F14A002D99FE /* Compositional Layout.app */;
			productType = "com.apple.product-type.application";
		};
/* End PBXNativeTarget section */

/* Begin PBXProject section */
		A1407C942C01F14A002D99FE /* Project object */ = {
			isa = PBXProject;
			attributes = {
				BuildIndependentTargetsInParallel = 1;
				LastSwiftUpdateCheck = 1530;
				LastUpgradeCheck = 1530;
				TargetAttributes = {
					A1407C9B2C01F14A002D99FE = {
						CreatedOnToolsVersion = 15.3;
					};
				};
			};
			buildConfigurationList = A1407C972C01F14A002D99FE /* Build configuration list for PBXProject "Compositional Layout" */;
			compatibilityVersion = "Xcode 14.0";
			developmentRegion = en;
			hasScannedForEncodings = 0;
			knownRegions = (
				en,
				Base,
			);
			mainGroup = A1407C932C01F14A002D99FE;
			productRefGroup = A1407C9D2C01F14A002D99FE /* Products */;
			projectDirPath = "";
			projectRoot = "";
			targets = (
				A1407C9B2C01F14A002D99FE /* Compositional Layout */,
			);
		};
/* End PBXProject section */

/* Begin PBXResourcesBuildPhase section */
		A1407C9A2C01F14A002D99FE /* Resources */ = {
			isa = PBXResourcesBuildPhase;
			buildActionMask = 2147483647;
			files = (
				A1407CA92C01F14C002D99FE /* Assets.xcassets in Resources */,
				A1407CAC2C01F14C002D99FE /* Base in Resources */,
				A1407CB62C0202F8002D99FE /* AppCollectionViewCell.xib in Resources */,
				A1407CA72C01F14A002D99FE /* Base in Resources */,
			);
			runOnlyForDeploymentPostprocessing = 0;
		};
/* End PBXResourcesBuildPhase section */

/* Begin PBXSourcesBuildPhase section */
		A1407C982C01F14A002D99FE /* Sources */ = {
			isa = PBXSourcesBuildPhase;
			buildActionMask = 2147483647;
			files = (
				A1407CA42C01F14A002D99FE /* ViewController.swift in Sources */,
				A1407CA02C01F14A002D99FE /* AppDelegate.swift in Sources */,
				A1407CB72C0202F8002D99FE /* AppCollectionViewCell.swift in Sources */,
				A1407CA22C01F14A002D99FE /* SceneDelegate.swift in Sources */,
			);
			runOnlyForDeploymentPostprocessing = 0;
		};
/* End PBXSourcesBuildPhase section */

/* Begin PBXVariantGroup section */
		A1407CA52C01F14A002D99FE /* Main.storyboard */ = {
			isa = PBXVariantGroup;
			children = (
				A1407CA62C01F14A002D99FE /* Base */,
			);
			name = Main.storyboard;
			sourceTree = "<group>";
		};
		A1407CAA2C01F14C002D99FE /* LaunchScreen.storyboard */ = {
			isa = PBXVariantGroup;
			children = (
				A1407CAB2C01F14C002D99FE /* Base */,
			);
			name = LaunchScreen.storyboard;
			sourceTree = "<group>";
		};
/* End PBXVariantGroup section */

/* Begin XCBuildConfiguration section */
		A1407CAE2C01F14C002D99FE /* Debug */ = {
			isa = XCBuildConfiguration;
			buildSettings = {
				ALWAYS_SEARCH_USER_PATHS = NO;
				ASSETCATALOG_COMPILER_GENERATE_SWIFT_ASSET_SYMBOL_EXTENSIONS = YES;
				CLANG_ANALYZER_NONNULL = YES;
				CLANG_ANALYZER_NUMBER_OBJECT_CONVERSION = YES_AGGRESSIVE;
				CLANG_CXX_LANGUAGE_STANDARD = "gnu++20";
				CLANG_ENABLE_MODULES = YES;
				CLANG_ENABLE_OBJC_ARC = YES;
				CLANG_ENABLE_OBJC_WEAK = YES;
				CLANG_WARN_BLOCK_CAPTURE_AUTORELEASING = YES;
				CLANG_WARN_BOOL_CONVERSION = YES;
				CLANG_WARN_COMMA = YES;
				CLANG_WARN_CONSTANT_CONVERSION = YES;
				CLANG_WARN_DEPRECATED_OBJC_IMPLEMENTATIONS = YES;
				CLANG_WARN_DIRECT_OBJC_ISA_USAGE = YES_ERROR;
				CLANG_WARN_DOCUMENTATION_COMMENTS = YES;
				CLANG_WARN_EMPTY_BODY = YES;
				CLANG_WARN_ENUM_CONVERSION = YES;
				CLANG_WARN_INFINITE_RECURSION = YES;
				CLANG_WARN_INT_CONVERSION = YES;
				CLANG_WARN_NON_LITERAL_NULL_CONVERSION = YES;
				CLANG_WARN_OBJC_IMPLICIT_RETAIN_SELF = YES;
				CLANG_WARN_OBJC_LITERAL_CONVERSION = YES;
				CLANG_WARN_OBJC_ROOT_CLASS = YES_ERROR;
				CLANG_WARN_QUOTED_INCLUDE_IN_FRAMEWORK_HEADER = YES;
				CLANG_WARN_RANGE_LOOP_ANALYSIS = YES;
				CLANG_WARN_STRICT_PROTOTYPES = YES;
				CLANG_WARN_SUSPICIOUS_MOVE = YES;
				CLANG_WARN_UNGUARDED_AVAILABILITY = YES_AGGRESSIVE;
				CLANG_WARN_UNREACHABLE_CODE = YES;
				CLANG_WARN__DUPLICATE_METHOD_MATCH = YES;
				COPY_PHASE_STRIP = NO;
				DEBUG_INFORMATION_FORMAT = dwarf;
				ENABLE_STRICT_OBJC_MSGSEND = YES;
				ENABLE_TESTABILITY = YES;
				ENABLE_USER_SCRIPT_SANDBOXING = YES;
				GCC_C_LANGUAGE_STANDARD = gnu17;
				GCC_DYNAMIC_NO_PIC = NO;
				GCC_NO_COMMON_BLOCKS = YES;
				GCC_OPTIMIZATION_LEVEL = 0;
				GCC_PREPROCESSOR_DEFINITIONS = (
					"DEBUG=1",
					"$(inherited)",
				);
				GCC_WARN_64_TO_32_BIT_CONVERSION = YES;
				GCC_WARN_ABOUT_RETURN_TYPE = YES_ERROR;
				GCC_WARN_UNDECLARED_SELECTOR = YES;
				GCC_WARN_UNINITIALIZED_AUTOS = YES_AGGRESSIVE;
				GCC_WARN_UNUSED_FUNCTION = YES;
				GCC_WARN_UNUSED_VARIABLE = YES;
				IPHONEOS_DEPLOYMENT_TARGET = 17.4;
				LOCALIZATION_PREFERS_STRING_CATALOGS = YES;
				MTL_ENABLE_DEBUG_INFO = INCLUDE_SOURCE;
				MTL_FAST_MATH = YES;
				ONLY_ACTIVE_ARCH = YES;
				SDKROOT = iphoneos;
				SWIFT_ACTIVE_COMPILATION_CONDITIONS = "DEBUG $(inherited)";
				SWIFT_OPTIMIZATION_LEVEL = "-Onone";
			};
			name = Debug;
		};
		A1407CAF2C01F14C002D99FE /* Release */ = {
			isa = XCBuildConfiguration;
			buildSettings = {
				ALWAYS_SEARCH_USER_PATHS = NO;
				ASSETCATALOG_COMPILER_GENERATE_SWIFT_ASSET_SYMBOL_EXTENSIONS = YES;
				CLANG_ANALYZER_NONNULL = YES;
				CLANG_ANALYZER_NUMBER_OBJECT_CONVERSION = YES_AGGRESSIVE;
				CLANG_CXX_LANGUAGE_STANDARD = "gnu++20";
				CLANG_ENABLE_MODULES = YES;
				CLANG_ENABLE_OBJC_ARC = YES;
				CLANG_ENABLE_OBJC_WEAK = YES;
				CLANG_WARN_BLOCK_CAPTURE_AUTORELEASING = YES;
				CLANG_WARN_BOOL_CONVERSION = YES;
				CLANG_WARN_COMMA = YES;
				CLANG_WARN_CONSTANT_CONVERSION = YES;
				CLANG_WARN_DEPRECATED_OBJC_IMPLEMENTATIONS = YES;
				CLANG_WARN_DIRECT_OBJC_ISA_USAGE = YES_ERROR;
				CLANG_WARN_DOCUMENTATION_COMMENTS = YES;
				CLANG_WARN_EMPTY_BODY = YES;
				CLANG_WARN_ENUM_CONVERSION = YES;
				CLANG_WARN_INFINITE_RECURSION = YES;
				CLANG_WARN_INT_CONVERSION = YES;
				CLANG_WARN_NON_LITERAL_NULL_CONVERSION = YES;
				CLANG_WARN_OBJC_IMPLICIT_RETAIN_SELF = YES;
				CLANG_WARN_OBJC_LITERAL_CONVERSION = YES;
				CLANG_WARN_OBJC_ROOT_CLASS = YES_ERROR;
				CLANG_WARN_QUOTED_INCLUDE_IN_FRAMEWORK_HEADER = YES;
				CLANG_WARN_RANGE_LOOP_ANALYSIS = YES;
				CLANG_WARN_STRICT_PROTOTYPES = YES;
				CLANG_WARN_SUSPICIOUS_MOVE = YES;
				CLANG_WARN_UNGUARDED_AVAILABILITY = YES_AGGRESSIVE;
				CLANG_WARN_UNREACHABLE_CODE = YES;
				CLANG_WARN__DUPLICATE_METHOD_MATCH = YES;
				COPY_PHASE_STRIP = NO;
				DEBUG_INFORMATION_FORMAT = "dwarf-with-dsym";
				ENABLE_NS_ASSERTIONS = NO;
				ENABLE_STRICT_OBJC_MSGSEND = YES;
				ENABLE_USER_SCRIPT_SANDBOXING = YES;
				GCC_C_LANGUAGE_STANDARD = gnu17;
				GCC_NO_COMMON_BLOCKS = YES;
				GCC_WARN_64_TO_32_BIT_CONVERSION = YES;
				GCC_WARN_ABOUT_RETURN_TYPE = YES_ERROR;
				GCC_WARN_UNDECLARED_SELECTOR = YES;
				GCC_WARN_UNINITIALIZED_AUTOS = YES_AGGRESSIVE;
				GCC_WARN_UNUSED_FUNCTION = YES;
				GCC_WARN_UNUSED_VARIABLE = YES;
				IPHONEOS_DEPLOYMENT_TARGET = 17.4;
				LOCALIZATION_PREFERS_STRING_CATALOGS = YES;
				MTL_ENABLE_DEBUG_INFO = NO;
				MTL_FAST_MATH = YES;
				SDKROOT = iphoneos;
				SWIFT_COMPILATION_MODE = wholemodule;
				VALIDATE_PRODUCT = YES;
			};
			name = Release;
		};
		A1407CB12C01F14C002D99FE /* Debug */ = {
			isa = XCBuildConfiguration;
			buildSettings = {
				ASSETCATALOG_COMPILER_APPICON_NAME = AppIcon;
				ASSETCATALOG_COMPILER_GLOBAL_ACCENT_COLOR_NAME = AccentColor;
				CODE_SIGN_STYLE = Automatic;
				CURRENT_PROJECT_VERSION = 1;
				DEVELOPMENT_TEAM = 4X5GYVM95U;
				GENERATE_INFOPLIST_FILE = YES;
				INFOPLIST_FILE = "Compositional Layout/Info.plist";
				INFOPLIST_KEY_UIApplicationSupportsIndirectInputEvents = YES;
				INFOPLIST_KEY_UILaunchStoryboardName = LaunchScreen;
				INFOPLIST_KEY_UIMainStoryboardFile = Main;
				INFOPLIST_KEY_UISupportedInterfaceOrientations_iPad = "UIInterfaceOrientationPortrait UIInterfaceOrientationPortraitUpsideDown UIInterfaceOrientationLandscapeLeft UIInterfaceOrientationLandscapeRight";
				INFOPLIST_KEY_UISupportedInterfaceOrientations_iPhone = "UIInterfaceOrientationPortrait UIInterfaceOrientationLandscapeLeft UIInterfaceOrientationLandscapeRight";
				LD_RUNPATH_SEARCH_PATHS = (
					"$(inherited)",
					"@executable_path/Frameworks",
				);
				MARKETING_VERSION = 1.0;
				PRODUCT_BUNDLE_IDENTIFIER = "com.compositionallayout.Compositional-Layout";
				PRODUCT_NAME = "$(TARGET_NAME)";
				SWIFT_EMIT_LOC_STRINGS = YES;
				SWIFT_VERSION = 5.0;
				TARGETED_DEVICE_FAMILY = "1,2";
			};
			name = Debug;
		};
		A1407CB22C01F14C002D99FE /* Release */ = {
			isa = XCBuildConfiguration;
			buildSettings = {
				ASSETCATALOG_COMPILER_APPICON_NAME = AppIcon;
				ASSETCATALOG_COMPILER_GLOBAL_ACCENT_COLOR_NAME = AccentColor;
				CODE_SIGN_STYLE = Automatic;
				CURRENT_PROJECT_VERSION = 1;
				DEVELOPMENT_TEAM = 4X5GYVM95U;
				GENERATE_INFOPLIST_FILE = YES;
				INFOPLIST_FILE = "Compositional Layout/Info.plist";
				INFOPLIST_KEY_UIApplicationSupportsIndirectInputEvents = YES;
				INFOPLIST_KEY_UILaunchStoryboardName = LaunchScreen;
				INFOPLIST_KEY_UIMainStoryboardFile = Main;
				INFOPLIST_KEY_UISupportedInterfaceOrientations_iPad = "UIInterfaceOrientationPortrait UIInterfaceOrientationPortraitUpsideDown UIInterfaceOrientationLandscapeLeft UIInterfaceOrientationLandscapeRight";
				INFOPLIST_KEY_UISupportedInterfaceOrientations_iPhone = "UIInterfaceOrientationPortrait UIInterfaceOrientationLandscapeLeft UIInterfaceOrientationLandscapeRight";
				LD_RUNPATH_SEARCH_PATHS = (
					"$(inherited)",
					"@executable_path/Frameworks",
				);
				MARKETING_VERSION = 1.0;
				PRODUCT_BUNDLE_IDENTIFIER = "com.compositionallayout.Compositional-Layout";
				PRODUCT_NAME = "$(TARGET_NAME)";
				SWIFT_EMIT_LOC_STRINGS = YES;
				SWIFT_VERSION = 5.0;
				TARGETED_DEVICE_FAMILY = "1,2";
			};
			name = Release;
		};
/* End XCBuildConfiguration section */

/* Begin XCConfigurationList section */
		A1407C972C01F14A002D99FE /* Build configuration list for PBXProject "Compositional Layout" */ = {
			isa = XCConfigurationList;
			buildConfigurations = (
				A1407CAE2C01F14C002D99FE /* Debug */,
				A1407CAF2C01F14C002D99FE /* Release */,
			);
			defaultConfigurationIsVisible = 0;
			defaultConfigurationName = Release;
		};
		A1407CB02C01F14C002D99FE /* Build configuration list for PBXNativeTarget "Compositional Layout" */ = {
			isa = XCConfigurationList;
			buildConfigurations = (
				A1407CB12C01F14C002D99FE /* Debug */,
				A1407CB22C01F14C002D99FE /* Release */,
			);
			defaultConfigurationIsVisible = 0;
			defaultConfigurationName = Release;
		};
/* End XCConfigurationList section */
	};
	rootObject = A1407C942C01F14A002D99FE /* Project object */;
}
